github.com/cjcocokrisp/go-dexcomshare v1.0.0 h1:HnnKlrQWq1Ue9WQqf5yACGUA60wnjunJDJ4B0ffGRf8=
github.com/cjcocokrisp/go-dexcomshare v1.0.0/go.mod h1:XnUKVfHeal5D34NrOVgifNM50gwHfH3W7yWWbz+UrQA=
github.com/joho/godotenv v1.5.1 h1:7eLL/+HRGLY0ldzfGMeQkb7vMd0as4CfYvUVzLqw0N0=
github.com/joho/godotenv v1.5.1/go.mod h1:f4LDr5Voq0i2e/R5DDNOoa2zzDfwtkZa6DnEwAbqwq4=
